
Microsoft Visual Studio Solution File, Format Version 12.00
# Visual Studio 15
Project("{FAE04EC0-301F-11D3-BF4B-00C04F79EFBC}") = "Unity.Timeline", "Unity.Timeline.csproj", "{088645DC-933D-B663-9B58-C15A2E7BE089}"
EndProject
Project("{FAE04EC0-301F-11D3-BF4B-00C04F79EFBC}") = "Unity.AI.Navigation.Samples", "Unity.AI.Navigation.Samples.csproj", "{9919A80C-519C-0BE9-DEC5-3A4643E93A81}"
EndProject
Project("{FAE04EC0-301F-11D3-BF4B-00C04F79EFBC}") = "Unity.VisualEffectGraph.Editor", "Unity.VisualEffectGraph.Editor.csproj", "{3A9CA620-7EC7-0101-FFF4-4395A7CDF8FB}"
EndProject
Project("{FAE04EC0-301F-11D3-BF4B-00C04F79EFBC}") = "Unity.ShaderGraph.Editor", "Unity.ShaderGraph.Editor.csproj", "{E394438B-0A07-FD11-FF31-6FEA4DD7E5F1}"
EndProject
Project("{FAE04EC0-301F-11D3-BF4B-00C04F79EFBC}") = "Unity.RenderPipelines.HighDefinition.Runtime", "Unity.RenderPipelines.HighDefinition.Runtime.csproj", "{5B106571-C185-CE98-7BFC-E3ECBF71F56F}"
EndProject
Project("{FAE04EC0-301F-11D3-BF4B-00C04F79EFBC}") = "Unity.PlasticSCM.Editor", "Unity.PlasticSCM.Editor.csproj", "{357B0BE3-04B6-AF6B-0500-1A03B9327164}"
EndProject
Project("{FAE04EC0-301F-11D3-BF4B-00C04F79EFBC}") = "Unity.VisualScripting.Flow", "Unity.VisualScripting.Flow.csproj", "{60FFCF0D-F5AF-8886-2962-C89AA82257F5}"
EndProject
Project("{FAE04EC0-301F-11D3-BF4B-00C04F79EFBC}") = "Unity.RenderPipelines.Universal.Runtime", "Unity.RenderPipelines.Universal.Runtime.csproj", "{5BAA4E53-AE28-982F-AD8A-8451431455A4}"
EndProject
Project("{FAE04EC0-301F-11D3-BF4B-00C04F79EFBC}") = "UnityEditor.UI", "UnityEditor.UI.csproj", "{51BD7581-4EA3-0623-1A16-0438450E06E2}"
EndProject
Project("{FAE04EC0-301F-11D3-BF4B-00C04F79EFBC}") = "Unity.Timeline.Editor", "Unity.Timeline.Editor.csproj", "{88718822-1624-FFBD-0B1D-8EF9EF038876}"
EndProject
Project("{FAE04EC0-301F-11D3-BF4B-00C04F79EFBC}") = "Unity.RenderPipelines.Core.Runtime", "Unity.RenderPipelines.Core.Runtime.csproj", "{DE5E44CB-FB15-5BB0-E660-8B1529BDF077}"
EndProject
Project("{FAE04EC0-301F-11D3-BF4B-00C04F79EFBC}") = "Unity.Mathematics", "Unity.Mathematics.csproj", "{6491B3AB-31AE-32C2-338E-389C8C057221}"
EndProject
Project("{FAE04EC0-301F-11D3-BF4B-00C04F79EFBC}") = "Unity.RenderPipelines.Core.Editor", "Unity.RenderPipelines.Core.Editor.csproj", "{D0F6D6EB-6072-57D4-F44F-F8AFACB8C453}"
EndProject
Project("{FAE04EC0-301F-11D3-BF4B-00C04F79EFBC}") = "Unity.VisualScripting.Core.Editor", "Unity.VisualScripting.Core.Editor.csproj", "{2E6D246D-655D-D1F2-ADBF-DA7C3F376F9B}"
EndProject
Project("{FAE04EC0-301F-11D3-BF4B-00C04F79EFBC}") = "Unity.RenderPipelines.HighDefinition.Editor", "Unity.RenderPipelines.HighDefinition.Editor.csproj", "{48BC99B6-4F37-2263-9805-97DDAABCF67F}"
EndProject
Project("{FAE04EC0-301F-11D3-BF4B-00C04F79EFBC}") = "UnityEditor.TestRunner", "UnityEditor.TestRunner.csproj", "{2C3F10E4-D1B4-76E1-6E0C-09D2F90EA44A}"
EndProject
Project("{FAE04EC0-301F-11D3-BF4B-00C04F79EFBC}") = "Unity.RenderPipelines.Universal.Editor", "Unity.RenderPipelines.Universal.Editor.csproj", "{068FCC73-F47F-2493-9123-8AF55457E954}"
EndProject
Project("{FAE04EC0-301F-11D3-BF4B-00C04F79EFBC}") = "Unity.TextMeshPro.Editor", "Unity.TextMeshPro.Editor.csproj", "{23ED86DA-C86F-C547-5C0F-6EC9D8ECBD37}"
EndProject
Project("{FAE04EC0-301F-11D3-BF4B-00C04F79EFBC}") = "Unity.VisualScripting.Flow.Editor", "Unity.VisualScripting.Flow.Editor.csproj", "{B0B20C5B-26D9-A202-8787-9CC3A6131B89}"
EndProject
Project("{FAE04EC0-301F-11D3-BF4B-00C04F79EFBC}") = "UnityEngine.TestRunner", "UnityEngine.TestRunner.csproj", "{1C8505B7-DE29-7410-58A2-0E7BFD237DF0}"
EndProject
Project("{FAE04EC0-301F-11D3-BF4B-00C04F79EFBC}") = "Unity.VisualScripting.Core", "Unity.VisualScripting.Core.csproj", "{96F5BC47-418E-DB00-3284-A0C3E915B64C}"
EndProject
Project("{FAE04EC0-301F-11D3-BF4B-00C04F79EFBC}") = "Unity.Searcher.Editor", "Unity.Searcher.Editor.csproj", "{8012772A-A7EE-1CA2-AF01-9A6599D3962B}"
EndProject
Project("{FAE04EC0-301F-11D3-BF4B-00C04F79EFBC}") = "Unity.Burst", "Unity.Burst.csproj", "{8E42E8CB-937E-8871-8CF4-C7375B6054D9}"
EndProject
Project("{FAE04EC0-301F-11D3-BF4B-00C04F79EFBC}") = "Unity.AI.Navigation.Editor", "Unity.AI.Navigation.Editor.csproj", "{3A70DBB3-9303-604B-3F9B-010BBC5F6A83}"
EndProject
Project("{FAE04EC0-301F-11D3-BF4B-00C04F79EFBC}") = "Unity.VisualStudio.Editor", "Unity.VisualStudio.Editor.csproj", "{52196712-8503-F396-6480-4BA86DDBC77A}"
EndProject
Project("{FAE04EC0-301F-11D3-BF4B-00C04F79EFBC}") = "PPv2URPConverters", "PPv2URPConverters.csproj", "{508CEF80-6676-8C36-3D7E-5B456A6688CC}"
EndProject
Project("{FAE04EC0-301F-11D3-BF4B-00C04F79EFBC}") = "Unity.TestTools.CodeCoverage.Editor.OpenCover.Model", "Unity.TestTools.CodeCoverage.Editor.OpenCover.Model.csproj", "{138B3106-55F2-1F82-5D8B-4EED7D09481E}"
EndProject
Project("{FAE04EC0-301F-11D3-BF4B-00C04F79EFBC}") = "Unity.Rider.Editor", "Unity.Rider.Editor.csproj", "{01CF1613-EDA4-0FED-7642-21F1DF76DEF5}"
EndProject
Project("{FAE04EC0-301F-11D3-BF4B-00C04F79EFBC}") = "Assembly-CSharp", "Assembly-CSharp.csproj", "{CFAB0D69-C516-D102-31E6-009BC09E16F2}"
EndProject
Project("{FAE04EC0-301F-11D3-BF4B-00C04F79EFBC}") = "Unity.CollabProxy.Editor", "Unity.CollabProxy.Editor.csproj", "{D824381C-92BD-8D75-5E47-DBC9BEEEB02F}"
EndProject
Project("{FAE04EC0-301F-11D3-BF4B-00C04F79EFBC}") = "Unity.VisualEffectGraph.Runtime", "Unity.VisualEffectGraph.Runtime.csproj", "{61EB7218-2BA0-202A-D12E-2C404E77BFDB}"
EndProject
Project("{FAE04EC0-301F-11D3-BF4B-00C04F79EFBC}") = "Unity.AI.Navigation.Editor.ConversionSystem", "Unity.AI.Navigation.Editor.ConversionSystem.csproj", "{6DCCE34E-EC66-125C-AC5C-A175EABD1C50}"
EndProject
Project("{FAE04EC0-301F-11D3-BF4B-00C04F79EFBC}") = "Unity.VisualScripting.State.Editor", "Unity.VisualScripting.State.Editor.csproj", "{8B4E530D-0905-2D5C-3274-002C3C161A4D}"
EndProject
Project("{FAE04EC0-301F-11D3-BF4B-00C04F79EFBC}") = "UnityEngine.UI", "UnityEngine.UI.csproj", "{EEC605E5-B58D-3739-F0EE-38684B226B84}"
EndProject
Project("{FAE04EC0-301F-11D3-BF4B-00C04F79EFBC}") = "Unity.TestTools.CodeCoverage.Editor", "Unity.TestTools.CodeCoverage.Editor.csproj", "{4B6B7869-758D-74F2-731E-ADA07B71C24C}"
EndProject
Project("{FAE04EC0-301F-11D3-BF4B-00C04F79EFBC}") = "Unity.Burst.CodeGen", "Unity.Burst.CodeGen.csproj", "{CED104CB-60B0-C159-E609-68BEBD896C55}"
EndProject
Project("{FAE04EC0-301F-11D3-BF4B-00C04F79EFBC}") = "Unity.Postprocessing.Runtime", "Unity.Postprocessing.Runtime.csproj", "{8460EF23-47D7-35C9-5C7B-83323C2AE858}"
EndProject
Project("{FAE04EC0-301F-11D3-BF4B-00C04F79EFBC}") = "Unity.RenderPipeline.Universal.ShaderLibrary", "Unity.RenderPipeline.Universal.ShaderLibrary.csproj", "{04B01FC0-D78A-17AC-E368-498B82A333A3}"
EndProject
Project("{FAE04EC0-301F-11D3-BF4B-00C04F79EFBC}") = "Unity.Postprocessing.Editor", "Unity.Postprocessing.Editor.csproj", "{BB78FE6B-8409-2618-4AA1-1BAD5163002A}"
EndProject
Project("{FAE04EC0-301F-11D3-BF4B-00C04F79EFBC}") = "Unity.AI.Navigation", "Unity.AI.Navigation.csproj", "{D554E35C-E7C9-2391-C2F5-B9B1C28FF4C8}"
EndProject
Project("{FAE04EC0-301F-11D3-BF4B-00C04F79EFBC}") = "Unity.VisualScripting.State", "Unity.VisualScripting.State.csproj", "{F6CD8C84-33C7-0F59-46C6-D40DFED5EEE8}"
EndProject
Project("{FAE04EC0-301F-11D3-BF4B-00C04F79EFBC}") = "Unity.TextMeshPro", "Unity.TextMeshPro.csproj", "{106F209A-0BF9-0986-6476-075EB9A582C6}"
EndProject
Project("{FAE04EC0-301F-11D3-BF4B-00C04F79EFBC}") = "Unity.Performance.Profile-Analyzer.Editor", "Unity.Performance.Profile-Analyzer.Editor.csproj", "{F0250921-5C4A-D777-A367-C8C19A6A8C67}"
EndProject
Project("{FAE04EC0-301F-11D3-BF4B-00C04F79EFBC}") = "Unity.VisualScripting.SettingsProvider.Editor", "Unity.VisualScripting.SettingsProvider.Editor.csproj", "{7C6DC89A-29E1-C59A-8712-DB7955489FE6}"
EndProject
Project("{FAE04EC0-301F-11D3-BF4B-00C04F79EFBC}") = "Unity.VSCode.Editor", "Unity.VSCode.Editor.csproj", "{2A405DA9-9901-E05B-154C-9E021FBA1C6D}"
EndProject
Project("{FAE04EC0-301F-11D3-BF4B-00C04F79EFBC}") = "Unity.Burst.Editor", "Unity.Burst.Editor.csproj", "{9CC9E07E-323F-9480-5A13-FE2E9ABAEBD9}"
EndProject
Project("{FAE04EC0-301F-11D3-BF4B-00C04F79EFBC}") = "Unity.TestTools.CodeCoverage.Editor.OpenCover.Mono.Reflection", "Unity.TestTools.CodeCoverage.Editor.OpenCover.Mono.Reflection.csproj", "{F807D260-5D2B-D6C2-8CBD-5F29AA577C35}"
EndProject
Project("{FAE04EC0-301F-11D3-BF4B-00C04F79EFBC}") = "Unity.AI.Navigation.Updater", "Unity.AI.Navigation.Updater.csproj", "{438F3450-8B39-DB06-999D-078DD1D84E73}"
EndProject
Project("{FAE04EC0-301F-11D3-BF4B-00C04F79EFBC}") = "Unity.AI.Navigation.Samples.Initialization.Editor", "Unity.AI.Navigation.Samples.Initialization.Editor.csproj", "{A52F4FC5-0E46-6515-FE3E-7D3208AF01FB}"
EndProject
Project("{FAE04EC0-301F-11D3-BF4B-00C04F79EFBC}") = "Unity.Settings.Editor", "Unity.Settings.Editor.csproj", "{442D30EE-4ACE-923E-6208-3C5473BE9866}"
EndProject
Project("{FAE04EC0-301F-11D3-BF4B-00C04F79EFBC}") = "Assembly-CSharp-Editor", "Assembly-CSharp-Editor.csproj", "{6F483298-8ED4-8772-2767-4C7CE4652DB0}"
EndProject
Project("{FAE04EC0-301F-11D3-BF4B-00C04F79EFBC}") = "Unity.Mathematics.Editor", "Unity.Mathematics.Editor.csproj", "{60F6AAFE-AFA4-FFB6-326C-8EA753769AED}"
EndProject
Project("{FAE04EC0-301F-11D3-BF4B-00C04F79EFBC}") = "Unity.ShaderGraph.Utilities", "Unity.ShaderGraph.Utilities.csproj", "{A72B4A7C-48B3-1AD9-68A5-E5C8A1B47D55}"
EndProject
Project("{FAE04EC0-301F-11D3-BF4B-00C04F79EFBC}") = "Unity.VisualScripting.Shared.Editor", "Unity.VisualScripting.Shared.Editor.csproj", "{BCA36239-9449-2281-7DCE-50AE1C6BAC51}"
EndProject
Project("{FAE04EC0-301F-11D3-BF4B-00C04F79EFBC}") = "Unity.EditorCoroutines.Editor", "Unity.EditorCoroutines.Editor.csproj", "{66A6AA3C-37A0-52BC-5A9A-4B02C8B23170}"
EndProject
Project("{FAE04EC0-301F-11D3-BF4B-00C04F79EFBC}") = "Unity.RenderPipelines.HighDefinition.Config.Runtime", "Unity.RenderPipelines.HighDefinition.Config.Runtime.csproj", "{F97C91A5-3F9F-4BFB-1AC5-B7E7C04F0EB8}"
EndProject
Project("{FAE04EC0-301F-11D3-BF4B-00C04F79EFBC}") = "Unity.RenderPipelines.Universal.Config.Runtime", "Unity.RenderPipelines.Universal.Config.Runtime.csproj", "{A04E9C13-3334-5C08-61F1-84DD4C8FD1DF}"
EndProject
Project("{FAE04EC0-301F-11D3-BF4B-00C04F79EFBC}") = "Unity.RenderPipelines.ShaderGraph.ShaderGraphLibrary", "Unity.RenderPipelines.ShaderGraph.ShaderGraphLibrary.csproj", "{11CBC070-2292-5AB8-2292-EA1BB454AA7B}"
EndProject
Project("{FAE04EC0-301F-11D3-BF4B-00C04F79EFBC}") = "Unity.RenderPipelines.Core.ShaderLibrary", "Unity.RenderPipelines.Core.ShaderLibrary.csproj", "{279F2C80-69F5-37AA-5E76-67EF56B7DFDD}"
EndProject
Project("{FAE04EC0-301F-11D3-BF4B-00C04F79EFBC}") = "Unity.RenderPipelines.Universal.Shaders", "Unity.RenderPipelines.Universal.Shaders.csproj", "{C02D1EB7-FA16-5EB6-A887-483082EF5DEF}"
EndProject
Global
	GlobalSection(SolutionConfigurationPlatforms) = preSolution
		Debug|Any CPU = Debug|Any CPU
		Release|Any CPU = Release|Any CPU
	EndGlobalSection
	GlobalSection(ProjectConfigurationPlatforms) = postSolution
		{088645DC-933D-B663-9B58-C15A2E7BE089}.Debug|Any CPU.ActiveCfg = Debug|Any CPU
		{088645DC-933D-B663-9B58-C15A2E7BE089}.Debug|Any CPU.Build.0 = Debug|Any CPU
		{088645DC-933D-B663-9B58-C15A2E7BE089}.Release|Any CPU.ActiveCfg = Release|Any CPU
		{088645DC-933D-B663-9B58-C15A2E7BE089}.Release|Any CPU.Build.0 = Release|Any CPU
		{9919A80C-519C-0BE9-DEC5-3A4643E93A81}.Debug|Any CPU.ActiveCfg = Debug|Any CPU
		{9919A80C-519C-0BE9-DEC5-3A4643E93A81}.Debug|Any CPU.Build.0 = Debug|Any CPU
		{9919A80C-519C-0BE9-DEC5-3A4643E93A81}.Release|Any CPU.ActiveCfg = Release|Any CPU
		{9919A80C-519C-0BE9-DEC5-3A4643E93A81}.Release|Any CPU.Build.0 = Release|Any CPU
		{3A9CA620-7EC7-0101-FFF4-4395A7CDF8FB}.Debug|Any CPU.ActiveCfg = Debug|Any CPU
		{3A9CA620-7EC7-0101-FFF4-4395A7CDF8FB}.Debug|Any CPU.Build.0 = Debug|Any CPU
		{3A9CA620-7EC7-0101-FFF4-4395A7CDF8FB}.Release|Any CPU.ActiveCfg = Release|Any CPU
		{3A9CA620-7EC7-0101-FFF4-4395A7CDF8FB}.Release|Any CPU.Build.0 = Release|Any CPU
		{E394438B-0A07-FD11-FF31-6FEA4DD7E5F1}.Debug|Any CPU.ActiveCfg = Debug|Any CPU
		{E394438B-0A07-FD11-FF31-6FEA4DD7E5F1}.Debug|Any CPU.Build.0 = Debug|Any CPU
		{E394438B-0A07-FD11-FF31-6FEA4DD7E5F1}.Release|Any CPU.ActiveCfg = Release|Any CPU
		{E394438B-0A07-FD11-FF31-6FEA4DD7E5F1}.Release|Any CPU.Build.0 = Release|Any CPU
		{5B106571-C185-CE98-7BFC-E3ECBF71F56F}.Debug|Any CPU.ActiveCfg = Debug|Any CPU
		{5B106571-C185-CE98-7BFC-E3ECBF71F56F}.Debug|Any CPU.Build.0 = Debug|Any CPU
		{5B106571-C185-CE98-7BFC-E3ECBF71F56F}.Release|Any CPU.ActiveCfg = Release|Any CPU
		{5B106571-C185-CE98-7BFC-E3ECBF71F56F}.Release|Any CPU.Build.0 = Release|Any CPU
		{357B0BE3-04B6-AF6B-0500-1A03B9327164}.Debug|Any CPU.ActiveCfg = Debug|Any CPU
		{357B0BE3-04B6-AF6B-0500-1A03B9327164}.Debug|Any CPU.Build.0 = Debug|Any CPU
		{357B0BE3-04B6-AF6B-0500-1A03B9327164}.Release|Any CPU.ActiveCfg = Release|Any CPU
		{357B0BE3-04B6-AF6B-0500-1A03B9327164}.Release|Any CPU.Build.0 = Release|Any CPU
		{60FFCF0D-F5AF-8886-2962-C89AA82257F5}.Debug|Any CPU.ActiveCfg = Debug|Any CPU
		{60FFCF0D-F5AF-8886-2962-C89AA82257F5}.Debug|Any CPU.Build.0 = Debug|Any CPU
		{60FFCF0D-F5AF-8886-2962-C89AA82257F5}.Release|Any CPU.ActiveCfg = Release|Any CPU
		{60FFCF0D-F5AF-8886-2962-C89AA82257F5}.Release|Any CPU.Build.0 = Release|Any CPU
		{5BAA4E53-AE28-982F-AD8A-8451431455A4}.Debug|Any CPU.ActiveCfg = Debug|Any CPU
		{5BAA4E53-AE28-982F-AD8A-8451431455A4}.Debug|Any CPU.Build.0 = Debug|Any CPU
		{5BAA4E53-AE28-982F-AD8A-8451431455A4}.Release|Any CPU.ActiveCfg = Release|Any CPU
		{5BAA4E53-AE28-982F-AD8A-8451431455A4}.Release|Any CPU.Build.0 = Release|Any CPU
		{51BD7581-4EA3-0623-1A16-0438450E06E2}.Debug|Any CPU.ActiveCfg = Debug|Any CPU
		{51BD7581-4EA3-0623-1A16-0438450E06E2}.Debug|Any CPU.Build.0 = Debug|Any CPU
		{51BD7581-4EA3-0623-1A16-0438450E06E2}.Release|Any CPU.ActiveCfg = Release|Any CPU
		{51BD7581-4EA3-0623-1A16-0438450E06E2}.Release|Any CPU.Build.0 = Release|Any CPU
		{88718822-1624-FFBD-0B1D-8EF9EF038876}.Debug|Any CPU.ActiveCfg = Debug|Any CPU
		{88718822-1624-FFBD-0B1D-8EF9EF038876}.Debug|Any CPU.Build.0 = Debug|Any CPU
		{88718822-1624-FFBD-0B1D-8EF9EF038876}.Release|Any CPU.ActiveCfg = Release|Any CPU
		{88718822-1624-FFBD-0B1D-8EF9EF038876}.Release|Any CPU.Build.0 = Release|Any CPU
		{DE5E44CB-FB15-5BB0-E660-8B1529BDF077}.Debug|Any CPU.ActiveCfg = Debug|Any CPU
		{DE5E44CB-FB15-5BB0-E660-8B1529BDF077}.Debug|Any CPU.Build.0 = Debug|Any CPU
		{DE5E44CB-FB15-5BB0-E660-8B1529BDF077}.Release|Any CPU.ActiveCfg = Release|Any CPU
		{DE5E44CB-FB15-5BB0-E660-8B1529BDF077}.Release|Any CPU.Build.0 = Release|Any CPU
		{6491B3AB-31AE-32C2-338E-389C8C057221}.Debug|Any CPU.ActiveCfg = Debug|Any CPU
		{6491B3AB-31AE-32C2-338E-389C8C057221}.Debug|Any CPU.Build.0 = Debug|Any CPU
		{6491B3AB-31AE-32C2-338E-389C8C057221}.Release|Any CPU.ActiveCfg = Release|Any CPU
		{6491B3AB-31AE-32C2-338E-389C8C057221}.Release|Any CPU.Build.0 = Release|Any CPU
		{D0F6D6EB-6072-57D4-F44F-F8AFACB8C453}.Debug|Any CPU.ActiveCfg = Debug|Any CPU
		{D0F6D6EB-6072-57D4-F44F-F8AFACB8C453}.Debug|Any CPU.Build.0 = Debug|Any CPU
		{D0F6D6EB-6072-57D4-F44F-F8AFACB8C453}.Release|Any CPU.ActiveCfg = Release|Any CPU
		{D0F6D6EB-6072-57D4-F44F-F8AFACB8C453}.Release|Any CPU.Build.0 = Release|Any CPU
		{2E6D246D-655D-D1F2-ADBF-DA7C3F376F9B}.Debug|Any CPU.ActiveCfg = Debug|Any CPU
		{2E6D246D-655D-D1F2-ADBF-DA7C3F376F9B}.Debug|Any CPU.Build.0 = Debug|Any CPU
		{2E6D246D-655D-D1F2-ADBF-DA7C3F376F9B}.Release|Any CPU.ActiveCfg = Release|Any CPU
		{2E6D246D-655D-D1F2-ADBF-DA7C3F376F9B}.Release|Any CPU.Build.0 = Release|Any CPU
		{48BC99B6-4F37-2263-9805-97DDAABCF67F}.Debug|Any CPU.ActiveCfg = Debug|Any CPU
		{48BC99B6-4F37-2263-9805-97DDAABCF67F}.Debug|Any CPU.Build.0 = Debug|Any CPU
		{48BC99B6-4F37-2263-9805-97DDAABCF67F}.Release|Any CPU.ActiveCfg = Release|Any CPU
		{48BC99B6-4F37-2263-9805-97DDAABCF67F}.Release|Any CPU.Build.0 = Release|Any CPU
		{2C3F10E4-D1B4-76E1-6E0C-09D2F90EA44A}.Debug|Any CPU.ActiveCfg = Debug|Any CPU
		{2C3F10E4-D1B4-76E1-6E0C-09D2F90EA44A}.Debug|Any CPU.Build.0 = Debug|Any CPU
		{2C3F10E4-D1B4-76E1-6E0C-09D2F90EA44A}.Release|Any CPU.ActiveCfg = Release|Any CPU
		{2C3F10E4-D1B4-76E1-6E0C-09D2F90EA44A}.Release|Any CPU.Build.0 = Release|Any CPU
		{068FCC73-F47F-2493-9123-8AF55457E954}.Debug|Any CPU.ActiveCfg = Debug|Any CPU
		{068FCC73-F47F-2493-9123-8AF55457E954}.Debug|Any CPU.Build.0 = Debug|Any CPU
		{068FCC73-F47F-2493-9123-8AF55457E954}.Release|Any CPU.ActiveCfg = Release|Any CPU
		{068FCC73-F47F-2493-9123-8AF55457E954}.Release|Any CPU.Build.0 = Release|Any CPU
		{23ED86DA-C86F-C547-5C0F-6EC9D8ECBD37}.Debug|Any CPU.ActiveCfg = Debug|Any CPU
		{23ED86DA-C86F-C547-5C0F-6EC9D8ECBD37}.Debug|Any CPU.Build.0 = Debug|Any CPU
		{23ED86DA-C86F-C547-5C0F-6EC9D8ECBD37}.Release|Any CPU.ActiveCfg = Release|Any CPU
		{23ED86DA-C86F-C547-5C0F-6EC9D8ECBD37}.Release|Any CPU.Build.0 = Release|Any CPU
		{B0B20C5B-26D9-A202-8787-9CC3A6131B89}.Debug|Any CPU.ActiveCfg = Debug|Any CPU
		{B0B20C5B-26D9-A202-8787-9CC3A6131B89}.Debug|Any CPU.Build.0 = Debug|Any CPU
		{B0B20C5B-26D9-A202-8787-9CC3A6131B89}.Release|Any CPU.ActiveCfg = Release|Any CPU
		{B0B20C5B-26D9-A202-8787-9CC3A6131B89}.Release|Any CPU.Build.0 = Release|Any CPU
		{1C8505B7-DE29-7410-58A2-0E7BFD237DF0}.Debug|Any CPU.ActiveCfg = Debug|Any CPU
		{1C8505B7-DE29-7410-58A2-0E7BFD237DF0}.Debug|Any CPU.Build.0 = Debug|Any CPU
		{1C8505B7-DE29-7410-58A2-0E7BFD237DF0}.Release|Any CPU.ActiveCfg = Release|Any CPU
		{1C8505B7-DE29-7410-58A2-0E7BFD237DF0}.Release|Any CPU.Build.0 = Release|Any CPU
		{96F5BC47-418E-DB00-3284-A0C3E915B64C}.Debug|Any CPU.ActiveCfg = Debug|Any CPU
		{96F5BC47-418E-DB00-3284-A0C3E915B64C}.Debug|Any CPU.Build.0 = Debug|Any CPU
		{96F5BC47-418E-DB00-3284-A0C3E915B64C}.Release|Any CPU.ActiveCfg = Release|Any CPU
		{96F5BC47-418E-DB00-3284-A0C3E915B64C}.Release|Any CPU.Build.0 = Release|Any CPU
		{8012772A-A7EE-1CA2-AF01-9A6599D3962B}.Debug|Any CPU.ActiveCfg = Debug|Any CPU
		{8012772A-A7EE-1CA2-AF01-9A6599D3962B}.Debug|Any CPU.Build.0 = Debug|Any CPU
		{8012772A-A7EE-1CA2-AF01-9A6599D3962B}.Release|Any CPU.ActiveCfg = Release|Any CPU
		{8012772A-A7EE-1CA2-AF01-9A6599D3962B}.Release|Any CPU.Build.0 = Release|Any CPU
		{8E42E8CB-937E-8871-8CF4-C7375B6054D9}.Debug|Any CPU.ActiveCfg = Debug|Any CPU
		{8E42E8CB-937E-8871-8CF4-C7375B6054D9}.Debug|Any CPU.Build.0 = Debug|Any CPU
		{8E42E8CB-937E-8871-8CF4-C7375B6054D9}.Release|Any CPU.ActiveCfg = Release|Any CPU
		{8E42E8CB-937E-8871-8CF4-C7375B6054D9}.Release|Any CPU.Build.0 = Release|Any CPU
		{3A70DBB3-9303-604B-3F9B-010BBC5F6A83}.Debug|Any CPU.ActiveCfg = Debug|Any CPU
		{3A70DBB3-9303-604B-3F9B-010BBC5F6A83}.Debug|Any CPU.Build.0 = Debug|Any CPU
		{3A70DBB3-9303-604B-3F9B-010BBC5F6A83}.Release|Any CPU.ActiveCfg = Release|Any CPU
		{3A70DBB3-9303-604B-3F9B-010BBC5F6A83}.Release|Any CPU.Build.0 = Release|Any CPU
		{52196712-8503-F396-6480-4BA86DDBC77A}.Debug|Any CPU.ActiveCfg = Debug|Any CPU
		{52196712-8503-F396-6480-4BA86DDBC77A}.Debug|Any CPU.Build.0 = Debug|Any CPU
		{52196712-8503-F396-6480-4BA86DDBC77A}.Release|Any CPU.ActiveCfg = Release|Any CPU
		{52196712-8503-F396-6480-4BA86DDBC77A}.Release|Any CPU.Build.0 = Release|Any CPU
		{508CEF80-6676-8C36-3D7E-5B456A6688CC}.Debug|Any CPU.ActiveCfg = Debug|Any CPU
		{508CEF80-6676-8C36-3D7E-5B456A6688CC}.Debug|Any CPU.Build.0 = Debug|Any CPU
		{508CEF80-6676-8C36-3D7E-5B456A6688CC}.Release|Any CPU.ActiveCfg = Release|Any CPU
		{508CEF80-6676-8C36-3D7E-5B456A6688CC}.Release|Any CPU.Build.0 = Release|Any CPU
		{138B3106-55F2-1F82-5D8B-4EED7D09481E}.Debug|Any CPU.ActiveCfg = Debug|Any CPU
		{138B3106-55F2-1F82-5D8B-4EED7D09481E}.Debug|Any CPU.Build.0 = Debug|Any CPU
		{138B3106-55F2-1F82-5D8B-4EED7D09481E}.Release|Any CPU.ActiveCfg = Release|Any CPU
		{138B3106-55F2-1F82-5D8B-4EED7D09481E}.Release|Any CPU.Build.0 = Release|Any CPU
		{01CF1613-EDA4-0FED-7642-21F1DF76DEF5}.Debug|Any CPU.ActiveCfg = Debug|Any CPU
		{01CF1613-EDA4-0FED-7642-21F1DF76DEF5}.Debug|Any CPU.Build.0 = Debug|Any CPU
		{01CF1613-EDA4-0FED-7642-21F1DF76DEF5}.Release|Any CPU.ActiveCfg = Release|Any CPU
		{01CF1613-EDA4-0FED-7642-21F1DF76DEF5}.Release|Any CPU.Build.0 = Release|Any CPU
		{CFAB0D69-C516-D102-31E6-009BC09E16F2}.Debug|Any CPU.ActiveCfg = Debug|Any CPU
		{CFAB0D69-C516-D102-31E6-009BC09E16F2}.Debug|Any CPU.Build.0 = Debug|Any CPU
		{CFAB0D69-C516-D102-31E6-009BC09E16F2}.Release|Any CPU.ActiveCfg = Release|Any CPU
		{CFAB0D69-C516-D102-31E6-009BC09E16F2}.Release|Any CPU.Build.0 = Release|Any CPU
		{D824381C-92BD-8D75-5E47-DBC9BEEEB02F}.Debug|Any CPU.ActiveCfg = Debug|Any CPU
		{D824381C-92BD-8D75-5E47-DBC9BEEEB02F}.Debug|Any CPU.Build.0 = Debug|Any CPU
		{D824381C-92BD-8D75-5E47-DBC9BEEEB02F}.Release|Any CPU.ActiveCfg = Release|Any CPU
		{D824381C-92BD-8D75-5E47-DBC9BEEEB02F}.Release|Any CPU.Build.0 = Release|Any CPU
		{61EB7218-2BA0-202A-D12E-2C404E77BFDB}.Debug|Any CPU.ActiveCfg = Debug|Any CPU
		{61EB7218-2BA0-202A-D12E-2C404E77BFDB}.Debug|Any CPU.Build.0 = Debug|Any CPU
		{61EB7218-2BA0-202A-D12E-2C404E77BFDB}.Release|Any CPU.ActiveCfg = Release|Any CPU
		{61EB7218-2BA0-202A-D12E-2C404E77BFDB}.Release|Any CPU.Build.0 = Release|Any CPU
		{6DCCE34E-EC66-125C-AC5C-A175EABD1C50}.Debug|Any CPU.ActiveCfg = Debug|Any CPU
		{6DCCE34E-EC66-125C-AC5C-A175EABD1C50}.Debug|Any CPU.Build.0 = Debug|Any CPU
		{6DCCE34E-EC66-125C-AC5C-A175EABD1C50}.Release|Any CPU.ActiveCfg = Release|Any CPU
		{6DCCE34E-EC66-125C-AC5C-A175EABD1C50}.Release|Any CPU.Build.0 = Release|Any CPU
		{8B4E530D-0905-2D5C-3274-002C3C161A4D}.Debug|Any CPU.ActiveCfg = Debug|Any CPU
		{8B4E530D-0905-2D5C-3274-002C3C161A4D}.Debug|Any CPU.Build.0 = Debug|Any CPU
		{8B4E530D-0905-2D5C-3274-002C3C161A4D}.Release|Any CPU.ActiveCfg = Release|Any CPU
		{8B4E530D-0905-2D5C-3274-002C3C161A4D}.Release|Any CPU.Build.0 = Release|Any CPU
		{EEC605E5-B58D-3739-F0EE-38684B226B84}.Debug|Any CPU.ActiveCfg = Debug|Any CPU
		{EEC605E5-B58D-3739-F0EE-38684B226B84}.Debug|Any CPU.Build.0 = Debug|Any CPU
		{EEC605E5-B58D-3739-F0EE-38684B226B84}.Release|Any CPU.ActiveCfg = Release|Any CPU
		{EEC605E5-B58D-3739-F0EE-38684B226B84}.Release|Any CPU.Build.0 = Release|Any CPU
		{4B6B7869-758D-74F2-731E-ADA07B71C24C}.Debug|Any CPU.ActiveCfg = Debug|Any CPU
		{4B6B7869-758D-74F2-731E-ADA07B71C24C}.Debug|Any CPU.Build.0 = Debug|Any CPU
		{4B6B7869-758D-74F2-731E-ADA07B71C24C}.Release|Any CPU.ActiveCfg = Release|Any CPU
		{4B6B7869-758D-74F2-731E-ADA07B71C24C}.Release|Any CPU.Build.0 = Release|Any CPU
		{CED104CB-60B0-C159-E609-68BEBD896C55}.Debug|Any CPU.ActiveCfg = Debug|Any CPU
		{CED104CB-60B0-C159-E609-68BEBD896C55}.Debug|Any CPU.Build.0 = Debug|Any CPU
		{CED104CB-60B0-C159-E609-68BEBD896C55}.Release|Any CPU.ActiveCfg = Release|Any CPU
		{CED104CB-60B0-C159-E609-68BEBD896C55}.Release|Any CPU.Build.0 = Release|Any CPU
		{8460EF23-47D7-35C9-5C7B-83323C2AE858}.Debug|Any CPU.ActiveCfg = Debug|Any CPU
		{8460EF23-47D7-35C9-5C7B-83323C2AE858}.Debug|Any CPU.Build.0 = Debug|Any CPU
		{8460EF23-47D7-35C9-5C7B-83323C2AE858}.Release|Any CPU.ActiveCfg = Release|Any CPU
		{8460EF23-47D7-35C9-5C7B-83323C2AE858}.Release|Any CPU.Build.0 = Release|Any CPU
		{04B01FC0-D78A-17AC-E368-498B82A333A3}.Debug|Any CPU.ActiveCfg = Debug|Any CPU
		{04B01FC0-D78A-17AC-E368-498B82A333A3}.Debug|Any CPU.Build.0 = Debug|Any CPU
		{04B01FC0-D78A-17AC-E368-498B82A333A3}.Release|Any CPU.ActiveCfg = Release|Any CPU
		{04B01FC0-D78A-17AC-E368-498B82A333A3}.Release|Any CPU.Build.0 = Release|Any CPU
		{BB78FE6B-8409-2618-4AA1-1BAD5163002A}.Debug|Any CPU.ActiveCfg = Debug|Any CPU
		{BB78FE6B-8409-2618-4AA1-1BAD5163002A}.Debug|Any CPU.Build.0 = Debug|Any CPU
		{BB78FE6B-8409-2618-4AA1-1BAD5163002A}.Release|Any CPU.ActiveCfg = Release|Any CPU
		{BB78FE6B-8409-2618-4AA1-1BAD5163002A}.Release|Any CPU.Build.0 = Release|Any CPU
		{D554E35C-E7C9-2391-C2F5-B9B1C28FF4C8}.Debug|Any CPU.ActiveCfg = Debug|Any CPU
		{D554E35C-E7C9-2391-C2F5-B9B1C28FF4C8}.Debug|Any CPU.Build.0 = Debug|Any CPU
		{D554E35C-E7C9-2391-C2F5-B9B1C28FF4C8}.Release|Any CPU.ActiveCfg = Release|Any CPU
		{D554E35C-E7C9-2391-C2F5-B9B1C28FF4C8}.Release|Any CPU.Build.0 = Release|Any CPU
		{F6CD8C84-33C7-0F59-46C6-D40DFED5EEE8}.Debug|Any CPU.ActiveCfg = Debug|Any CPU
		{F6CD8C84-33C7-0F59-46C6-D40DFED5EEE8}.Debug|Any CPU.Build.0 = Debug|Any CPU
		{F6CD8C84-33C7-0F59-46C6-D40DFED5EEE8}.Release|Any CPU.ActiveCfg = Release|Any CPU
		{F6CD8C84-33C7-0F59-46C6-D40DFED5EEE8}.Release|Any CPU.Build.0 = Release|Any CPU
		{106F209A-0BF9-0986-6476-075EB9A582C6}.Debug|Any CPU.ActiveCfg = Debug|Any CPU
		{106F209A-0BF9-0986-6476-075EB9A582C6}.Debug|Any CPU.Build.0 = Debug|Any CPU
		{106F209A-0BF9-0986-6476-075EB9A582C6}.Release|Any CPU.ActiveCfg = Release|Any CPU
		{106F209A-0BF9-0986-6476-075EB9A582C6}.Release|Any CPU.Build.0 = Release|Any CPU
		{F0250921-5C4A-D777-A367-C8C19A6A8C67}.Debug|Any CPU.ActiveCfg = Debug|Any CPU
		{F0250921-5C4A-D777-A367-C8C19A6A8C67}.Debug|Any CPU.Build.0 = Debug|Any CPU
		{F0250921-5C4A-D777-A367-C8C19A6A8C67}.Release|Any CPU.ActiveCfg = Release|Any CPU
		{F0250921-5C4A-D777-A367-C8C19A6A8C67}.Release|Any CPU.Build.0 = Release|Any CPU
		{7C6DC89A-29E1-C59A-8712-DB7955489FE6}.Debug|Any CPU.ActiveCfg = Debug|Any CPU
		{7C6DC89A-29E1-C59A-8712-DB7955489FE6}.Debug|Any CPU.Build.0 = Debug|Any CPU
		{7C6DC89A-29E1-C59A-8712-DB7955489FE6}.Release|Any CPU.ActiveCfg = Release|Any CPU
		{7C6DC89A-29E1-C59A-8712-DB7955489FE6}.Release|Any CPU.Build.0 = Release|Any CPU
		{2A405DA9-9901-E05B-154C-9E021FBA1C6D}.Debug|Any CPU.ActiveCfg = Debug|Any CPU
		{2A405DA9-9901-E05B-154C-9E021FBA1C6D}.Debug|Any CPU.Build.0 = Debug|Any CPU
		{2A405DA9-9901-E05B-154C-9E021FBA1C6D}.Release|Any CPU.ActiveCfg = Release|Any CPU
		{2A405DA9-9901-E05B-154C-9E021FBA1C6D}.Release|Any CPU.Build.0 = Release|Any CPU
		{9CC9E07E-323F-9480-5A13-FE2E9ABAEBD9}.Debug|Any CPU.ActiveCfg = Debug|Any CPU
		{9CC9E07E-323F-9480-5A13-FE2E9ABAEBD9}.Debug|Any CPU.Build.0 = Debug|Any CPU
		{9CC9E07E-323F-9480-5A13-FE2E9ABAEBD9}.Release|Any CPU.ActiveCfg = Release|Any CPU
		{9CC9E07E-323F-9480-5A13-FE2E9ABAEBD9}.Release|Any CPU.Build.0 = Release|Any CPU
		{F807D260-5D2B-D6C2-8CBD-5F29AA577C35}.Debug|Any CPU.ActiveCfg = Debug|Any CPU
		{F807D260-5D2B-D6C2-8CBD-5F29AA577C35}.Debug|Any CPU.Build.0 = Debug|Any CPU
		{F807D260-5D2B-D6C2-8CBD-5F29AA577C35}.Release|Any CPU.ActiveCfg = Release|Any CPU
		{F807D260-5D2B-D6C2-8CBD-5F29AA577C35}.Release|Any CPU.Build.0 = Release|Any CPU
		{438F3450-8B39-DB06-999D-078DD1D84E73}.Debug|Any CPU.ActiveCfg = Debug|Any CPU
		{438F3450-8B39-DB06-999D-078DD1D84E73}.Debug|Any CPU.Build.0 = Debug|Any CPU
		{438F3450-8B39-DB06-999D-078DD1D84E73}.Release|Any CPU.ActiveCfg = Release|Any CPU
		{438F3450-8B39-DB06-999D-078DD1D84E73}.Release|Any CPU.Build.0 = Release|Any CPU
		{A52F4FC5-0E46-6515-FE3E-7D3208AF01FB}.Debug|Any CPU.ActiveCfg = Debug|Any CPU
		{A52F4FC5-0E46-6515-FE3E-7D3208AF01FB}.Debug|Any CPU.Build.0 = Debug|Any CPU
		{A52F4FC5-0E46-6515-FE3E-7D3208AF01FB}.Release|Any CPU.ActiveCfg = Release|Any CPU
		{A52F4FC5-0E46-6515-FE3E-7D3208AF01FB}.Release|Any CPU.Build.0 = Release|Any CPU
		{442D30EE-4ACE-923E-6208-3C5473BE9866}.Debug|Any CPU.ActiveCfg = Debug|Any CPU
		{442D30EE-4ACE-923E-6208-3C5473BE9866}.Debug|Any CPU.Build.0 = Debug|Any CPU
		{442D30EE-4ACE-923E-6208-3C5473BE9866}.Release|Any CPU.ActiveCfg = Release|Any CPU
		{442D30EE-4ACE-923E-6208-3C5473BE9866}.Release|Any CPU.Build.0 = Release|Any CPU
		{6F483298-8ED4-8772-2767-4C7CE4652DB0}.Debug|Any CPU.ActiveCfg = Debug|Any CPU
		{6F483298-8ED4-8772-2767-4C7CE4652DB0}.Debug|Any CPU.Build.0 = Debug|Any CPU
		{6F483298-8ED4-8772-2767-4C7CE4652DB0}.Release|Any CPU.ActiveCfg = Release|Any CPU
		{6F483298-8ED4-8772-2767-4C7CE4652DB0}.Release|Any CPU.Build.0 = Release|Any CPU
		{60F6AAFE-AFA4-FFB6-326C-8EA753769AED}.Debug|Any CPU.ActiveCfg = Debug|Any CPU
		{60F6AAFE-AFA4-FFB6-326C-8EA753769AED}.Debug|Any CPU.Build.0 = Debug|Any CPU
		{60F6AAFE-AFA4-FFB6-326C-8EA753769AED}.Release|Any CPU.ActiveCfg = Release|Any CPU
		{60F6AAFE-AFA4-FFB6-326C-8EA753769AED}.Release|Any CPU.Build.0 = Release|Any CPU
		{A72B4A7C-48B3-1AD9-68A5-E5C8A1B47D55}.Debug|Any CPU.ActiveCfg = Debug|Any CPU
		{A72B4A7C-48B3-1AD9-68A5-E5C8A1B47D55}.Debug|Any CPU.Build.0 = Debug|Any CPU
		{A72B4A7C-48B3-1AD9-68A5-E5C8A1B47D55}.Release|Any CPU.ActiveCfg = Release|Any CPU
		{A72B4A7C-48B3-1AD9-68A5-E5C8A1B47D55}.Release|Any CPU.Build.0 = Release|Any CPU
		{BCA36239-9449-2281-7DCE-50AE1C6BAC51}.Debug|Any CPU.ActiveCfg = Debug|Any CPU
		{BCA36239-9449-2281-7DCE-50AE1C6BAC51}.Debug|Any CPU.Build.0 = Debug|Any CPU
		{BCA36239-9449-2281-7DCE-50AE1C6BAC51}.Release|Any CPU.ActiveCfg = Release|Any CPU
		{BCA36239-9449-2281-7DCE-50AE1C6BAC51}.Release|Any CPU.Build.0 = Release|Any CPU
		{66A6AA3C-37A0-52BC-5A9A-4B02C8B23170}.Debug|Any CPU.ActiveCfg = Debug|Any CPU
		{66A6AA3C-37A0-52BC-5A9A-4B02C8B23170}.Debug|Any CPU.Build.0 = Debug|Any CPU
		{66A6AA3C-37A0-52BC-5A9A-4B02C8B23170}.Release|Any CPU.ActiveCfg = Release|Any CPU
		{66A6AA3C-37A0-52BC-5A9A-4B02C8B23170}.Release|Any CPU.Build.0 = Release|Any CPU
		{F97C91A5-3F9F-4BFB-1AC5-B7E7C04F0EB8}.Debug|Any CPU.ActiveCfg = Debug|Any CPU
		{F97C91A5-3F9F-4BFB-1AC5-B7E7C04F0EB8}.Debug|Any CPU.Build.0 = Debug|Any CPU
		{F97C91A5-3F9F-4BFB-1AC5-B7E7C04F0EB8}.Release|Any CPU.ActiveCfg = Release|Any CPU
		{F97C91A5-3F9F-4BFB-1AC5-B7E7C04F0EB8}.Release|Any CPU.Build.0 = Release|Any CPU
		{A04E9C13-3334-5C08-61F1-84DD4C8FD1DF}.Debug|Any CPU.ActiveCfg = Debug|Any CPU
		{A04E9C13-3334-5C08-61F1-84DD4C8FD1DF}.Debug|Any CPU.Build.0 = Debug|Any CPU
		{A04E9C13-3334-5C08-61F1-84DD4C8FD1DF}.Release|Any CPU.ActiveCfg = Release|Any CPU
		{A04E9C13-3334-5C08-61F1-84DD4C8FD1DF}.Release|Any CPU.Build.0 = Release|Any CPU
		{11CBC070-2292-5AB8-2292-EA1BB454AA7B}.Debug|Any CPU.ActiveCfg = Debug|Any CPU
		{11CBC070-2292-5AB8-2292-EA1BB454AA7B}.Debug|Any CPU.Build.0 = Debug|Any CPU
		{11CBC070-2292-5AB8-2292-EA1BB454AA7B}.Release|Any CPU.ActiveCfg = Release|Any CPU
		{11CBC070-2292-5AB8-2292-EA1BB454AA7B}.Release|Any CPU.Build.0 = Release|Any CPU
		{279F2C80-69F5-37AA-5E76-67EF56B7DFDD}.Debug|Any CPU.ActiveCfg = Debug|Any CPU
		{279F2C80-69F5-37AA-5E76-67EF56B7DFDD}.Debug|Any CPU.Build.0 = Debug|Any CPU
		{279F2C80-69F5-37AA-5E76-67EF56B7DFDD}.Release|Any CPU.ActiveCfg = Release|Any CPU
		{279F2C80-69F5-37AA-5E76-67EF56B7DFDD}.Release|Any CPU.Build.0 = Release|Any CPU
		{C02D1EB7-FA16-5EB6-A887-483082EF5DEF}.Debug|Any CPU.ActiveCfg = Debug|Any CPU
		{C02D1EB7-FA16-5EB6-A887-483082EF5DEF}.Debug|Any CPU.Build.0 = Debug|Any CPU
		{C02D1EB7-FA16-5EB6-A887-483082EF5DEF}.Release|Any CPU.ActiveCfg = Release|Any CPU
		{C02D1EB7-FA16-5EB6-A887-483082EF5DEF}.Release|Any CPU.Build.0 = Release|Any CPU
	EndGlobalSection
	GlobalSection(SolutionProperties) = preSolution
		HideSolutionNode = FALSE
	EndGlobalSection
EndGlobal
