
Microsoft Visual Studio Solution File, Format Version 12.00
# Visual Studio 15
Project("{FAE04EC0-301F-11D3-BF4B-00C04F79EFBC}") = "Unity.AI.Navigation.Samples", "Unity.AI.Navigation.Samples.csproj", "{9919A80C-519C-0BE9-DEC5-3A4643E93A81}"
EndProject
Project("{FAE04EC0-301F-11D3-BF4B-00C04F79EFBC}") = "Assembly-CSharp", "Assembly-CSharp.csproj", "{CFAB0D69-C516-D102-31E6-009BC09E16F2}"
EndProject
Project("{FAE04EC0-301F-11D3-BF4B-00C04F79EFBC}") = "Unity.AI.Navigation.Samples.Initialization.Editor", "Unity.AI.Navigation.Samples.Initialization.Editor.csproj", "{A52F4FC5-0E46-6515-FE3E-7D3208AF01FB}"
EndProject
Project("{FAE04EC0-301F-11D3-BF4B-00C04F79EFBC}") = "Assembly-CSharp-Editor", "Assembly-CSharp-Editor.csproj", "{6F483298-8ED4-8772-2767-4C7CE4652DB0}"
EndProject
Global
	GlobalSection(SolutionConfigurationPlatforms) = preSolution
		Debug|Any CPU = Debug|Any CPU
		Release|Any CPU = Release|Any CPU
	EndGlobalSection
	GlobalSection(ProjectConfigurationPlatforms) = postSolution
		{9919A80C-519C-0BE9-DEC5-3A4643E93A81}.Debug|Any CPU.ActiveCfg = Debug|Any CPU
		{9919A80C-519C-0BE9-DEC5-3A4643E93A81}.Debug|Any CPU.Build.0 = Debug|Any CPU
		{9919A80C-519C-0BE9-DEC5-3A4643E93A81}.Release|Any CPU.ActiveCfg = Release|Any CPU
		{9919A80C-519C-0BE9-DEC5-3A4643E93A81}.Release|Any CPU.Build.0 = Release|Any CPU
		{CFAB0D69-C516-D102-31E6-009BC09E16F2}.Debug|Any CPU.ActiveCfg = Debug|Any CPU
		{CFAB0D69-C516-D102-31E6-009BC09E16F2}.Debug|Any CPU.Build.0 = Debug|Any CPU
		{CFAB0D69-C516-D102-31E6-009BC09E16F2}.Release|Any CPU.ActiveCfg = Release|Any CPU
		{CFAB0D69-C516-D102-31E6-009BC09E16F2}.Release|Any CPU.Build.0 = Release|Any CPU
		{A52F4FC5-0E46-6515-FE3E-7D3208AF01FB}.Debug|Any CPU.ActiveCfg = Debug|Any CPU
		{A52F4FC5-0E46-6515-FE3E-7D3208AF01FB}.Debug|Any CPU.Build.0 = Debug|Any CPU
		{A52F4FC5-0E46-6515-FE3E-7D3208AF01FB}.Release|Any CPU.ActiveCfg = Release|Any CPU
		{A52F4FC5-0E46-6515-FE3E-7D3208AF01FB}.Release|Any CPU.Build.0 = Release|Any CPU
		{6F483298-8ED4-8772-2767-4C7CE4652DB0}.Debug|Any CPU.ActiveCfg = Debug|Any CPU
		{6F483298-8ED4-8772-2767-4C7CE4652DB0}.Debug|Any CPU.Build.0 = Debug|Any CPU
		{6F483298-8ED4-8772-2767-4C7CE4652DB0}.Release|Any CPU.ActiveCfg = Release|Any CPU
		{6F483298-8ED4-8772-2767-4C7CE4652DB0}.Release|Any CPU.Build.0 = Release|Any CPU
	EndGlobalSection
	GlobalSection(SolutionProperties) = preSolution
		HideSolutionNode = FALSE
	EndGlobalSection
EndGlobal
